
Microsoft Visual Studio Solution File, Format Version 12.00
# Visual Studio Version 16
VisualStudioVersion = 16.0.30105.148
MinimumVisualStudioVersion = 10.0.40219.1
Project("{FAE04EC0-301F-11D3-BF4B-00C04F79EFBC}") = "LocalUI", "LocalUI\LocalUI.csproj", "{DE52FD2A-8A8F-40EE-8910-555413A5CCE0}"
EndProject
Global
	GlobalSection(SolutionConfigurationPlatforms) = preSolution
		Debug|Any CPU = Debug|Any CPU
		Release|Any CPU = Release|Any CPU
	EndGlobalSection
	GlobalSection(ProjectConfigurationPlatforms) = postSolution
		{DE52FD2A-8A8F-40EE-8910-555413A5CCE0}.Debug|Any CPU.ActiveCfg = Debug|Any CPU
		{DE52FD2A-8A8F-40EE-8910-555413A5CCE0}.Debug|Any CPU.Build.0 = Debug|Any CPU
		{DE52FD2A-8A8F-40EE-8910-555413A5CCE0}.Release|Any CPU.ActiveCfg = Release|Any CPU
		{DE52FD2A-8A8F-40EE-8910-555413A5CCE0}.Release|Any CPU.Build.0 = Release|Any CPU
	EndGlobalSection
	GlobalSection(SolutionProperties) = preSolution
		HideSolutionNode = FALSE
	EndGlobalSection
	GlobalSection(ExtensibilityGlobals) = postSolution
		SolutionGuid = {894EC9A9-F473-4036-AC6E-B7205BB73332}
	EndGlobalSection
EndGlobal
